
Microsoft Visual Studio Solution File, Format Version 12.00
# Visual Studio Version 17
VisualStudioVersion = 17.0.32112.339
MinimumVisualStudioVersion = 10.0.40219.1
Project("{FAE04EC0-301F-11D3-BF4B-00C04F79EFBC}") = "OOOSportTovars", "OOOSportTovars.csproj", "{3A801303-6001-4B8E-B7D7-C045646A5D56}"
EndProject
Global
	GlobalSection(SolutionConfigurationPlatforms) = preSolution
		Debug|Any CPU = Debug|Any CPU
		Release|Any CPU = Release|Any CPU
	EndGlobalSection
	GlobalSection(ProjectConfigurationPlatforms) = postSolution
		{3A801303-6001-4B8E-B7D7-C045646A5D56}.Debug|Any CPU.ActiveCfg = Debug|Any CPU
		{3A801303-6001-4B8E-B7D7-C045646A5D56}.Debug|Any CPU.Build.0 = Debug|Any CPU
		{3A801303-6001-4B8E-B7D7-C045646A5D56}.Release|Any CPU.ActiveCfg = Release|Any CPU
		{3A801303-6001-4B8E-B7D7-C045646A5D56}.Release|Any CPU.Build.0 = Release|Any CPU
	EndGlobalSection
	GlobalSection(SolutionProperties) = preSolution
		HideSolutionNode = FALSE
	EndGlobalSection
	GlobalSection(ExtensibilityGlobals) = postSolution
		SolutionGuid = {A554B9EC-77DA-4C61-AB20-376A7EA6146F}
	EndGlobalSection
EndGlobal
